// !$*UTF8*$!
{
	archiveVersion = 1;
	classes = {
	};
	objectVersion = 46;
	objects = {

/* Begin PBXBuildFile section */
		FB33193E1638CCBC00CB098C /* UIKit.framework in Frameworks */ = {isa = PBXBuildFile; fileRef = FB33193D1638CCBC00CB098C /* UIKit.framework */; };
		FB3319401638CCBC00CB098C /* Foundation.framework in Frameworks */ = {isa = PBXBuildFile; fileRef = FB33193F1638CCBC00CB098C /* Foundation.framework */; };
		FB3319421638CCBC00CB098C /* CoreGraphics.framework in Frameworks */ = {isa = PBXBuildFile; fileRef = FB3319411638CCBC00CB098C /* CoreGraphics.framework */; };
		FB3319481638CCBC00CB098C /* InfoPlist.strings in Resources */ = {isa = PBXBuildFile; fileRef = FB3319461638CCBC00CB098C /* InfoPlist.strings */; };
		FB33194A1638CCBC00CB098C /* main.m in Sources */ = {isa = PBXBuildFile; fileRef = FB3319491638CCBC00CB098C /* main.m */; };
		FB33194E1638CCBC00CB098C /* AppDelegate.m in Sources */ = {isa = PBXBuildFile; fileRef = FB33194D1638CCBC00CB098C /* AppDelegate.m */; };
		FB3319571638CCBC00CB098C /* ViewController.m in Sources */ = {isa = PBXBuildFile; fileRef = FB3319561638CCBC00CB098C /* ViewController.m */; };
		FB33195A1638CCBC00CB098C /* ViewController.xib in Resources */ = {isa = PBXBuildFile; fileRef = FB3319581638CCBC00CB098C /* ViewController.xib */; };
		FB3319661638E5AF00CB098C /* DataLayer.m in Sources */ = {isa = PBXBuildFile; fileRef = FB3319651638E5AF00CB098C /* DataLayer.m */; };
		FB3319731639088800CB098C /* Default.png in Resources */ = {isa = PBXBuildFile; fileRef = FB33194F1638CCBC00CB098C /* Default.png */; };
		FB3319741639089200CB098C /* Default@2x.png in Resources */ = {isa = PBXBuildFile; fileRef = FB3319511638CCBC00CB098C /* Default@2x.png */; };
		FB33198416390A4900CB098C /* default-568h@2x.png in Resources */ = {isa = PBXBuildFile; fileRef = FB33197E16390A4900CB098C /* default-568h@2x.png */; };
		FB33198516390A4900CB098C /* img1.png in Resources */ = {isa = PBXBuildFile; fileRef = FB33197F16390A4900CB098C /* img1.png */; };
		FB33198616390A4900CB098C /* icon@2x.png in Resources */ = {isa = PBXBuildFile; fileRef = FB33198016390A4900CB098C /* icon@2x.png */; };
		FB33198716390A4900CB098C /* icon.png in Resources */ = {isa = PBXBuildFile; fileRef = FB33198116390A4900CB098C /* icon.png */; };
		FB33198816390A4900CB098C /* default.png in Resources */ = {isa = PBXBuildFile; fileRef = FB33198216390A4900CB098C /* default.png */; };
		FB33198916390A4900CB098C /* default@2x.png in Resources */ = {isa = PBXBuildFile; fileRef = FB33198316390A4900CB098C /* default@2x.png */; };
		FB33198F163B657100CB098C /* Default-568h@2x.png in Resources */ = {isa = PBXBuildFile; fileRef = FB3319531638CCBC00CB098C /* Default-568h@2x.png */; };
		FB331991163B6B2200CB098C /* CustomCellView.xib in Resources */ = {isa = PBXBuildFile; fileRef = FB331990163B6B2200CB098C /* CustomCellView.xib */; };
		FB331994163B6C1600CB098C /* CustomTableCell.m in Sources */ = {isa = PBXBuildFile; fileRef = FB331993163B6C1600CB098C /* CustomTableCell.m */; };
/* End PBXBuildFile section */

/* Begin PBXFileReference section */
		FB3319391638CCBC00CB098C /* MDF1_Wk1.app */ = {isa = PBXFileReference; explicitFileType = wrapper.application; includeInIndex = 0; path = MDF1_Wk1.app; sourceTree = BUILT_PRODUCTS_DIR; };
		FB33193D1638CCBC00CB098C /* UIKit.framework */ = {isa = PBXFileReference; lastKnownFileType = wrapper.framework; name = UIKit.framework; path = System/Library/Frameworks/UIKit.framework; sourceTree = SDKROOT; };
		FB33193F1638CCBC00CB098C /* Foundation.framework */ = {isa = PBXFileReference; lastKnownFileType = wrapper.framework; name = Foundation.framework; path = System/Library/Frameworks/Foundation.framework; sourceTree = SDKROOT; };
		FB3319411638CCBC00CB098C /* CoreGraphics.framework */ = {isa = PBXFileReference; lastKnownFileType = wrapper.framework; name = CoreGraphics.framework; path = System/Library/Frameworks/CoreGraphics.framework; sourceTree = SDKROOT; };
		FB3319451638CCBC00CB098C /* MDF1_Wk1-Info.plist */ = {isa = PBXFileReference; lastKnownFileType = text.plist.xml; path = "MDF1_Wk1-Info.plist"; sourceTree = "<group>"; };
		FB3319471638CCBC00CB098C /* en */ = {isa = PBXFileReference; lastKnownFileType = text.plist.strings; name = en; path = en.lproj/InfoPlist.strings; sourceTree = "<group>"; };
		FB3319491638CCBC00CB098C /* main.m */ = {isa = PBXFileReference; lastKnownFileType = sourcecode.c.objc; path = main.m; sourceTree = "<group>"; };
		FB33194B1638CCBC00CB098C /* MDF1_Wk1-Prefix.pch */ = {isa = PBXFileReference; lastKnownFileType = sourcecode.c.h; path = "MDF1_Wk1-Prefix.pch"; sourceTree = "<group>"; };
		FB33194C1638CCBC00CB098C /* AppDelegate.h */ = {isa = PBXFileReference; lastKnownFileType = sourcecode.c.h; path = AppDelegate.h; sourceTree = "<group>"; };
		FB33194D1638CCBC00CB098C /* AppDelegate.m */ = {isa = PBXFileReference; lastKnownFileType = sourcecode.c.objc; path = AppDelegate.m; sourceTree = "<group>"; };
		FB33194F1638CCBC00CB098C /* Default.png */ = {isa = PBXFileReference; lastKnownFileType = image.png; path = Default.png; sourceTree = "<group>"; };
		FB3319511638CCBC00CB098C /* Default@2x.png */ = {isa = PBXFileReference; lastKnownFileType = image.png; path = "Default@2x.png"; sourceTree = "<group>"; };
		FB3319531638CCBC00CB098C /* Default-568h@2x.png */ = {isa = PBXFileReference; lastKnownFileType = image.png; path = "Default-568h@2x.png"; sourceTree = "<group>"; };
		FB3319551638CCBC00CB098C /* ViewController.h */ = {isa = PBXFileReference; lastKnownFileType = sourcecode.c.h; path = ViewController.h; sourceTree = "<group>"; };
		FB3319561638CCBC00CB098C /* ViewController.m */ = {isa = PBXFileReference; lastKnownFileType = sourcecode.c.objc; path = ViewController.m; sourceTree = "<group>"; };
		FB3319591638CCBC00CB098C /* en */ = {isa = PBXFileReference; lastKnownFileType = file.xib; name = en; path = en.lproj/ViewController.xib; sourceTree = "<group>"; };
		FB3319641638E5AF00CB098C /* DataLayer.h */ = {isa = PBXFileReference; fileEncoding = 4; lastKnownFileType = sourcecode.c.h; path = DataLayer.h; sourceTree = "<group>"; };
		FB3319651638E5AF00CB098C /* DataLayer.m */ = {isa = PBXFileReference; fileEncoding = 4; lastKnownFileType = sourcecode.c.objc; path = DataLayer.m; sourceTree = "<group>"; };
		FB33197E16390A4900CB098C /* default-568h@2x.png */ = {isa = PBXFileReference; lastKnownFileType = image.png; name = "default-568h@2x.png"; path = "../../default-568h@2x.png"; sourceTree = "<group>"; };
		FB33197F16390A4900CB098C /* img1.png */ = {isa = PBXFileReference; lastKnownFileType = image.png; name = img1.png; path = ../../img1.png; sourceTree = "<group>"; };
		FB33198016390A4900CB098C /* icon@2x.png */ = {isa = PBXFileReference; lastKnownFileType = image.png; name = "icon@2x.png"; path = "../../icon@2x.png"; sourceTree = "<group>"; };
		FB33198116390A4900CB098C /* icon.png */ = {isa = PBXFileReference; lastKnownFileType = image.png; name = icon.png; path = ../../icon.png; sourceTree = "<group>"; };
		FB33198216390A4900CB098C /* default.png */ = {isa = PBXFileReference; lastKnownFileType = image.png; name = default.png; path = ../../default.png; sourceTree = "<group>"; };
		FB33198316390A4900CB098C /* default@2x.png */ = {isa = PBXFileReference; lastKnownFileType = image.png; name = "default@2x.png"; path = "../../default@2x.png"; sourceTree = "<group>"; };
		FB331990163B6B2200CB098C /* CustomCellView.xib */ = {isa = PBXFileReference; fileEncoding = 4; lastKnownFileType = file.xib; path = CustomCellView.xib; sourceTree = "<group>"; };
		FB331992163B6C1600CB098C /* CustomTableCell.h */ = {isa = PBXFileReference; fileEncoding = 4; lastKnownFileType = sourcecode.c.h; path = CustomTableCell.h; sourceTree = "<group>"; };
		FB331993163B6C1600CB098C /* CustomTableCell.m */ = {isa = PBXFileReference; fileEncoding = 4; lastKnownFileType = sourcecode.c.objc; path = CustomTableCell.m; sourceTree = "<group>"; };
/* End PBXFileReference section */

/* Begin PBXFrameworksBuildPhase section */
		FB3319361638CCBC00CB098C /* Frameworks */ = {
			isa = PBXFrameworksBuildPhase;
			buildActionMask = 2147483647;
			files = (
				FB33193E1638CCBC00CB098C /* UIKit.framework in Frameworks */,
				FB3319401638CCBC00CB098C /* Foundation.framework in Frameworks */,
				FB3319421638CCBC00CB098C /* CoreGraphics.framework in Frameworks */,
			);
			runOnlyForDeploymentPostprocessing = 0;
		};
/* End PBXFrameworksBuildPhase section */

/* Begin PBXGroup section */
		FB33192E1638CCBB00CB098C = {
			isa = PBXGroup;
			children = (
				FB3319431638CCBC00CB098C /* MDF1_Wk1 */,
				FB33193C1638CCBC00CB098C /* Frameworks */,
				FB33193A1638CCBC00CB098C /* Products */,
			);
			sourceTree = "<group>";
		};
		FB33193A1638CCBC00CB098C /* Products */ = {
			isa = PBXGroup;
			children = (
				FB3319391638CCBC00CB098C /* MDF1_Wk1.app */,
			);
			name = Products;
			sourceTree = "<group>";
		};
		FB33193C1638CCBC00CB098C /* Frameworks */ = {
			isa = PBXGroup;
			children = (
				FB33193D1638CCBC00CB098C /* UIKit.framework */,
				FB33193F1638CCBC00CB098C /* Foundation.framework */,
				FB3319411638CCBC00CB098C /* CoreGraphics.framework */,
			);
			name = Frameworks;
			sourceTree = "<group>";
		};
		FB3319431638CCBC00CB098C /* MDF1_Wk1 */ = {
			isa = PBXGroup;
			children = (
				FB33197E16390A4900CB098C /* default-568h@2x.png */,
				FB33197F16390A4900CB098C /* img1.png */,
				FB33198016390A4900CB098C /* icon@2x.png */,
				FB33198116390A4900CB098C /* icon.png */,
				FB33198216390A4900CB098C /* default.png */,
				FB33198316390A4900CB098C /* default@2x.png */,
				FB33194C1638CCBC00CB098C /* AppDelegate.h */,
				FB33194D1638CCBC00CB098C /* AppDelegate.m */,
				FB3319551638CCBC00CB098C /* ViewController.h */,
				FB3319561638CCBC00CB098C /* ViewController.m */,
				FB3319581638CCBC00CB098C /* ViewController.xib */,
				FB3319441638CCBC00CB098C /* Supporting Files */,
				FB3319641638E5AF00CB098C /* DataLayer.h */,
				FB3319651638E5AF00CB098C /* DataLayer.m */,
				FB331990163B6B2200CB098C /* CustomCellView.xib */,
				FB331992163B6C1600CB098C /* CustomTableCell.h */,
				FB331993163B6C1600CB098C /* CustomTableCell.m */,
			);
			path = MDF1_Wk1;
			sourceTree = "<group>";
		};
		FB3319441638CCBC00CB098C /* Supporting Files */ = {
			isa = PBXGroup;
			children = (
				FB3319451638CCBC00CB098C /* MDF1_Wk1-Info.plist */,
				FB3319461638CCBC00CB098C /* InfoPlist.strings */,
				FB3319491638CCBC00CB098C /* main.m */,
				FB33194B1638CCBC00CB098C /* MDF1_Wk1-Prefix.pch */,
				FB33194F1638CCBC00CB098C /* Default.png */,
				FB3319511638CCBC00CB098C /* Default@2x.png */,
				FB3319531638CCBC00CB098C /* Default-568h@2x.png */,
			);
			name = "Supporting Files";
			sourceTree = "<group>";
		};
/* End PBXGroup section */

/* Begin PBXNativeTarget section */
		FB3319381638CCBC00CB098C /* MDF1_Wk1 */ = {
			isa = PBXNativeTarget;
			buildConfigurationList = FB33195D1638CCBC00CB098C /* Build configuration list for PBXNativeTarget "MDF1_Wk1" */;
			buildPhases = (
				FB3319351638CCBC00CB098C /* Sources */,
				FB3319361638CCBC00CB098C /* Frameworks */,
				FB3319371638CCBC00CB098C /* Resources */,
			);
			buildRules = (
			);
			dependencies = (
			);
			name = MDF1_Wk1;
			productName = MDF1_Wk1;
			productReference = FB3319391638CCBC00CB098C /* MDF1_Wk1.app */;
			productType = "com.apple.product-type.application";
		};
/* End PBXNativeTarget section */

/* Begin PBXProject section */
		FB3319301638CCBB00CB098C /* Project object */ = {
			isa = PBXProject;
			attributes = {
				LastUpgradeCheck = 0450;
				ORGANIZATIONNAME = "Brandon Sease";
			};
			buildConfigurationList = FB3319331638CCBB00CB098C /* Build configuration list for PBXProject "MDF1_Wk1" */;
			compatibilityVersion = "Xcode 3.2";
			developmentRegion = English;
			hasScannedForEncodings = 0;
			knownRegions = (
				en,
			);
			mainGroup = FB33192E1638CCBB00CB098C;
			productRefGroup = FB33193A1638CCBC00CB098C /* Products */;
			projectDirPath = "";
			projectRoot = "";
			targets = (
				FB3319381638CCBC00CB098C /* MDF1_Wk1 */,
			);
		};
/* End PBXProject section */

/* Begin PBXResourcesBuildPhase section */
		FB3319371638CCBC00CB098C /* Resources */ = {
			isa = PBXResourcesBuildPhase;
			buildActionMask = 2147483647;
			files = (
				FB3319481638CCBC00CB098C /* InfoPlist.strings in Resources */,
				FB33195A1638CCBC00CB098C /* ViewController.xib in Resources */,
				FB3319731639088800CB098C /* Default.png in Resources */,
				FB3319741639089200CB098C /* Default@2x.png in Resources */,
				FB33198416390A4900CB098C /* default-568h@2x.png in Resources */,
				FB33198516390A4900CB098C /* img1.png in Resources */,
				FB33198616390A4900CB098C /* icon@2x.png in Resources */,
				FB33198716390A4900CB098C /* icon.png in Resources */,
				FB33198816390A4900CB098C /* default.png in Resources */,
				FB33198916390A4900CB098C /* default@2x.png in Resources */,
				FB33198F163B657100CB098C /* Default-568h@2x.png in Resources */,
				FB331991163B6B2200CB098C /* CustomCellView.xib in Resources */,
			);
			runOnlyForDeploymentPostprocessing = 0;
		};
/* End PBXResourcesBuildPhase section */

/* Begin PBXSourcesBuildPhase section */
		FB3319351638CCBC00CB098C /* Sources */ = {
			isa = PBXSourcesBuildPhase;
			buildActionMask = 2147483647;
			files = (
				FB33194A1638CCBC00CB098C /* main.m in Sources */,
				FB33194E1638CCBC00CB098C /* AppDelegate.m in Sources */,
				FB3319571638CCBC00CB098C /* ViewController.m in Sources */,
				FB3319661638E5AF00CB098C /* DataLayer.m in Sources */,
				FB331994163B6C1600CB098C /* CustomTableCell.m in Sources */,
			);
			runOnlyForDeploymentPostprocessing = 0;
		};
/* End PBXSourcesBuildPhase section */

/* Begin PBXVariantGroup section */
		FB3319461638CCBC00CB098C /* InfoPlist.strings */ = {
			isa = PBXVariantGroup;
			children = (
				FB3319471638CCBC00CB098C /* en */,
			);
			name = InfoPlist.strings;
			sourceTree = "<group>";
		};
		FB3319581638CCBC00CB098C /* ViewController.xib */ = {
			isa = PBXVariantGroup;
			children = (
				FB3319591638CCBC00CB098C /* en */,
			);
			name = ViewController.xib;
			sourceTree = "<group>";
		};
/* End PBXVariantGroup section */

/* Begin XCBuildConfiguration section */
		FB33195B1638CCBC00CB098C /* Debug */ = {
			isa = XCBuildConfiguration;
			buildSettings = {
				ALWAYS_SEARCH_USER_PATHS = NO;
				CLANG_CXX_LANGUAGE_STANDARD = "gnu++0x";
				CLANG_CXX_LIBRARY = "libc++";
				CLANG_WARN_EMPTY_BODY = YES;
				CLANG_WARN__DUPLICATE_METHOD_MATCH = YES;
				"CODE_SIGN_IDENTITY[sdk=iphoneos*]" = "iPhone Developer";
				COPY_PHASE_STRIP = NO;
				GCC_C_LANGUAGE_STANDARD = gnu99;
				GCC_DYNAMIC_NO_PIC = NO;
				GCC_OPTIMIZATION_LEVEL = 0;
				GCC_PREPROCESSOR_DEFINITIONS = (
					"DEBUG=1",
					"$(inherited)",
				);
				GCC_SYMBOLS_PRIVATE_EXTERN = NO;
				GCC_WARN_ABOUT_RETURN_TYPE = YES;
				GCC_WARN_UNINITIALIZED_AUTOS = YES;
				GCC_WARN_UNUSED_VARIABLE = YES;
				IPHONEOS_DEPLOYMENT_TARGET = 6.0;
				ONLY_ACTIVE_ARCH = YES;
				SDKROOT = iphoneos;
			};
			name = Debug;
		};
		FB33195C1638CCBC00CB098C /* Release */ = {
			isa = XCBuildConfiguration;
			buildSettings = {
				ALWAYS_SEARCH_USER_PATHS = NO;
				CLANG_CXX_LANGUAGE_STANDARD = "gnu++0x";
				CLANG_CXX_LIBRARY = "libc++";
				CLANG_WARN_EMPTY_BODY = YES;
				CLANG_WARN__DUPLICATE_METHOD_MATCH = YES;
				"CODE_SIGN_IDENTITY[sdk=iphoneos*]" = "iPhone Developer";
				COPY_PHASE_STRIP = YES;
				GCC_C_LANGUAGE_STANDARD = gnu99;
				GCC_WARN_ABOUT_RETURN_TYPE = YES;
				GCC_WARN_UNINITIALIZED_AUTOS = YES;
				GCC_WARN_UNUSED_VARIABLE = YES;
				IPHONEOS_DEPLOYMENT_TARGET = 6.0;
				OTHER_CFLAGS = "-DNS_BLOCK_ASSERTIONS=1";
				SDKROOT = iphoneos;
				VALIDATE_PRODUCT = YES;
			};
			name = Release;
		};
		FB33195E1638CCBC00CB098C /* Debug */ = {
			isa = XCBuildConfiguration;
			buildSettings = {
				GCC_PRECOMPILE_PREFIX_HEADER = YES;
				GCC_PREFIX_HEADER = "MDF1_Wk1/MDF1_Wk1-Prefix.pch";
				INFOPLIST_FILE = "MDF1_Wk1/MDF1_Wk1-Info.plist";
				PRODUCT_NAME = "$(TARGET_NAME)";
				WRAPPER_EXTENSION = app;
			};
			name = Debug;
		};
		FB33195F1638CCBC00CB098C /* Release */ = {
			isa = XCBuildConfiguration;
			buildSettings = {
				GCC_PRECOMPILE_PREFIX_HEADER = YES;
				GCC_PREFIX_HEADER = "MDF1_Wk1/MDF1_Wk1-Prefix.pch";
				INFOPLIST_FILE = "MDF1_Wk1/MDF1_Wk1-Info.plist";
				PRODUCT_NAME = "$(TARGET_NAME)";
				WRAPPER_EXTENSION = app;
			};
			name = Release;
		};
/* End XCBuildConfiguration section */

/* Begin XCConfigurationList section */
		FB3319331638CCBB00CB098C /* Build configuration list for PBXProject "MDF1_Wk1" */ = {
			isa = XCConfigurationList;
			buildConfigurations = (
				FB33195B1638CCBC00CB098C /* Debug */,
				FB33195C1638CCBC00CB098C /* Release */,
			);
			defaultConfigurationIsVisible = 0;
			defaultConfigurationName = Release;
		};
		FB33195D1638CCBC00CB098C /* Build configuration list for PBXNativeTarget "MDF1_Wk1" */ = {
			isa = XCConfigurationList;
			buildConfigurations = (
				FB33195E1638CCBC00CB098C /* Debug */,
				FB33195F1638CCBC00CB098C /* Release */,
			);
			defaultConfigurationIsVisible = 0;
		};
/* End XCConfigurationList section */
	};
	rootObject = FB3319301638CCBB00CB098C /* Project object */;
}
