// !$*UTF8*$!
{
	archiveVersion = 1;
	classes = {
	};
	objectVersion = 46;
	objects = {

/* Begin PBXBuildFile section */
		FB683BAD1640A10100840A83 /* UIKit.framework in Frameworks */ = {isa = PBXBuildFile; fileRef = FB683BAC1640A10100840A83 /* UIKit.framework */; };
		FB683BAF1640A10100840A83 /* Foundation.framework in Frameworks */ = {isa = PBXBuildFile; fileRef = FB683BAE1640A10100840A83 /* Foundation.framework */; };
		FB683BB11640A10100840A83 /* CoreGraphics.framework in Frameworks */ = {isa = PBXBuildFile; fileRef = FB683BB01640A10100840A83 /* CoreGraphics.framework */; };
		FB683BB71640A10100840A83 /* InfoPlist.strings in Resources */ = {isa = PBXBuildFile; fileRef = FB683BB51640A10100840A83 /* InfoPlist.strings */; };
		FB683BB91640A10100840A83 /* main.m in Sources */ = {isa = PBXBuildFile; fileRef = FB683BB81640A10100840A83 /* main.m */; };
		FB683BBD1640A10100840A83 /* AppDelegate.m in Sources */ = {isa = PBXBuildFile; fileRef = FB683BBC1640A10100840A83 /* AppDelegate.m */; };
		FB683BBF1640A10100840A83 /* Default.png in Resources */ = {isa = PBXBuildFile; fileRef = FB683BBE1640A10100840A83 /* Default.png */; };
		FB683BC11640A10100840A83 /* Default@2x.png in Resources */ = {isa = PBXBuildFile; fileRef = FB683BC01640A10100840A83 /* Default@2x.png */; };
		FB683BC31640A10100840A83 /* Default-568h@2x.png in Resources */ = {isa = PBXBuildFile; fileRef = FB683BC21640A10100840A83 /* Default-568h@2x.png */; };
		FB683BC61640A10100840A83 /* ViewController.m in Sources */ = {isa = PBXBuildFile; fileRef = FB683BC51640A10100840A83 /* ViewController.m */; };
		FB683BC91640A10100840A83 /* ViewController.xib in Resources */ = {isa = PBXBuildFile; fileRef = FB683BC71640A10100840A83 /* ViewController.xib */; };
/* End PBXBuildFile section */

/* Begin PBXFileReference section */
		FB683BA81640A10100840A83 /* MDF1_Wk2.app */ = {isa = PBXFileReference; explicitFileType = wrapper.application; includeInIndex = 0; path = MDF1_Wk2.app; sourceTree = BUILT_PRODUCTS_DIR; };
		FB683BAC1640A10100840A83 /* UIKit.framework */ = {isa = PBXFileReference; lastKnownFileType = wrapper.framework; name = UIKit.framework; path = System/Library/Frameworks/UIKit.framework; sourceTree = SDKROOT; };
		FB683BAE1640A10100840A83 /* Foundation.framework */ = {isa = PBXFileReference; lastKnownFileType = wrapper.framework; name = Foundation.framework; path = System/Library/Frameworks/Foundation.framework; sourceTree = SDKROOT; };
		FB683BB01640A10100840A83 /* CoreGraphics.framework */ = {isa = PBXFileReference; lastKnownFileType = wrapper.framework; name = CoreGraphics.framework; path = System/Library/Frameworks/CoreGraphics.framework; sourceTree = SDKROOT; };
		FB683BB41640A10100840A83 /* MDF1_Wk2-Info.plist */ = {isa = PBXFileReference; lastKnownFileType = text.plist.xml; path = "MDF1_Wk2-Info.plist"; sourceTree = "<group>"; };
		FB683BB61640A10100840A83 /* en */ = {isa = PBXFileReference; lastKnownFileType = text.plist.strings; name = en; path = en.lproj/InfoPlist.strings; sourceTree = "<group>"; };
		FB683BB81640A10100840A83 /* main.m */ = {isa = PBXFileReference; lastKnownFileType = sourcecode.c.objc; path = main.m; sourceTree = "<group>"; };
		FB683BBA1640A10100840A83 /* MDF1_Wk2-Prefix.pch */ = {isa = PBXFileReference; lastKnownFileType = sourcecode.c.h; path = "MDF1_Wk2-Prefix.pch"; sourceTree = "<group>"; };
		FB683BBB1640A10100840A83 /* AppDelegate.h */ = {isa = PBXFileReference; lastKnownFileType = sourcecode.c.h; path = AppDelegate.h; sourceTree = "<group>"; };
		FB683BBC1640A10100840A83 /* AppDelegate.m */ = {isa = PBXFileReference; lastKnownFileType = sourcecode.c.objc; path = AppDelegate.m; sourceTree = "<group>"; };
		FB683BBE1640A10100840A83 /* Default.png */ = {isa = PBXFileReference; lastKnownFileType = image.png; path = Default.png; sourceTree = "<group>"; };
		FB683BC01640A10100840A83 /* Default@2x.png */ = {isa = PBXFileReference; lastKnownFileType = image.png; path = "Default@2x.png"; sourceTree = "<group>"; };
		FB683BC21640A10100840A83 /* Default-568h@2x.png */ = {isa = PBXFileReference; lastKnownFileType = image.png; path = "Default-568h@2x.png"; sourceTree = "<group>"; };
		FB683BC41640A10100840A83 /* ViewController.h */ = {isa = PBXFileReference; lastKnownFileType = sourcecode.c.h; path = ViewController.h; sourceTree = "<group>"; };
		FB683BC51640A10100840A83 /* ViewController.m */ = {isa = PBXFileReference; lastKnownFileType = sourcecode.c.objc; path = ViewController.m; sourceTree = "<group>"; };
		FB683BC81640A10100840A83 /* en */ = {isa = PBXFileReference; lastKnownFileType = file.xib; name = en; path = en.lproj/ViewController.xib; sourceTree = "<group>"; };
/* End PBXFileReference section */

/* Begin PBXFrameworksBuildPhase section */
		FB683BA51640A10100840A83 /* Frameworks */ = {
			isa = PBXFrameworksBuildPhase;
			buildActionMask = 2147483647;
			files = (
				FB683BAD1640A10100840A83 /* UIKit.framework in Frameworks */,
				FB683BAF1640A10100840A83 /* Foundation.framework in Frameworks */,
				FB683BB11640A10100840A83 /* CoreGraphics.framework in Frameworks */,
			);
			runOnlyForDeploymentPostprocessing = 0;
		};
/* End PBXFrameworksBuildPhase section */

/* Begin PBXGroup section */
		FB683B9D1640A10100840A83 = {
			isa = PBXGroup;
			children = (
				FB683BB21640A10100840A83 /* MDF1_Wk2 */,
				FB683BAB1640A10100840A83 /* Frameworks */,
				FB683BA91640A10100840A83 /* Products */,
			);
			sourceTree = "<group>";
		};
		FB683BA91640A10100840A83 /* Products */ = {
			isa = PBXGroup;
			children = (
				FB683BA81640A10100840A83 /* MDF1_Wk2.app */,
			);
			name = Products;
			sourceTree = "<group>";
		};
		FB683BAB1640A10100840A83 /* Frameworks */ = {
			isa = PBXGroup;
			children = (
				FB683BAC1640A10100840A83 /* UIKit.framework */,
				FB683BAE1640A10100840A83 /* Foundation.framework */,
				FB683BB01640A10100840A83 /* CoreGraphics.framework */,
			);
			name = Frameworks;
			sourceTree = "<group>";
		};
		FB683BB21640A10100840A83 /* MDF1_Wk2 */ = {
			isa = PBXGroup;
			children = (
				FB683BBB1640A10100840A83 /* AppDelegate.h */,
				FB683BBC1640A10100840A83 /* AppDelegate.m */,
				FB683BC41640A10100840A83 /* ViewController.h */,
				FB683BC51640A10100840A83 /* ViewController.m */,
				FB683BC71640A10100840A83 /* ViewController.xib */,
				FB683BB31640A10100840A83 /* Supporting Files */,
			);
			path = MDF1_Wk2;
			sourceTree = "<group>";
		};
		FB683BB31640A10100840A83 /* Supporting Files */ = {
			isa = PBXGroup;
			children = (
				FB683BB41640A10100840A83 /* MDF1_Wk2-Info.plist */,
				FB683BB51640A10100840A83 /* InfoPlist.strings */,
				FB683BB81640A10100840A83 /* main.m */,
				FB683BBA1640A10100840A83 /* MDF1_Wk2-Prefix.pch */,
				FB683BBE1640A10100840A83 /* Default.png */,
				FB683BC01640A10100840A83 /* Default@2x.png */,
				FB683BC21640A10100840A83 /* Default-568h@2x.png */,
			);
			name = "Supporting Files";
			sourceTree = "<group>";
		};
/* End PBXGroup section */

/* Begin PBXNativeTarget section */
		FB683BA71640A10100840A83 /* MDF1_Wk2 */ = {
			isa = PBXNativeTarget;
			buildConfigurationList = FB683BCC1640A10100840A83 /* Build configuration list for PBXNativeTarget "MDF1_Wk2" */;
			buildPhases = (
				FB683BA41640A10100840A83 /* Sources */,
				FB683BA51640A10100840A83 /* Frameworks */,
				FB683BA61640A10100840A83 /* Resources */,
			);
			buildRules = (
			);
			dependencies = (
			);
			name = MDF1_Wk2;
			productName = MDF1_Wk2;
			productReference = FB683BA81640A10100840A83 /* MDF1_Wk2.app */;
			productType = "com.apple.product-type.application";
		};
/* End PBXNativeTarget section */

/* Begin PBXProject section */
		FB683B9F1640A10100840A83 /* Project object */ = {
			isa = PBXProject;
			attributes = {
				LastUpgradeCheck = 0450;
				ORGANIZATIONNAME = "Brandon Sease";
			};
			buildConfigurationList = FB683BA21640A10100840A83 /* Build configuration list for PBXProject "MDF1_Wk2" */;
			compatibilityVersion = "Xcode 3.2";
			developmentRegion = English;
			hasScannedForEncodings = 0;
			knownRegions = (
				en,
			);
			mainGroup = FB683B9D1640A10100840A83;
			productRefGroup = FB683BA91640A10100840A83 /* Products */;
			projectDirPath = "";
			projectRoot = "";
			targets = (
				FB683BA71640A10100840A83 /* MDF1_Wk2 */,
			);
		};
/* End PBXProject section */

/* Begin PBXResourcesBuildPhase section */
		FB683BA61640A10100840A83 /* Resources */ = {
			isa = PBXResourcesBuildPhase;
			buildActionMask = 2147483647;
			files = (
				FB683BB71640A10100840A83 /* InfoPlist.strings in Resources */,
				FB683BBF1640A10100840A83 /* Default.png in Resources */,
				FB683BC11640A10100840A83 /* Default@2x.png in Resources */,
				FB683BC31640A10100840A83 /* Default-568h@2x.png in Resources */,
				FB683BC91640A10100840A83 /* ViewController.xib in Resources */,
			);
			runOnlyForDeploymentPostprocessing = 0;
		};
/* End PBXResourcesBuildPhase section */

/* Begin PBXSourcesBuildPhase section */
		FB683BA41640A10100840A83 /* Sources */ = {
			isa = PBXSourcesBuildPhase;
			buildActionMask = 2147483647;
			files = (
				FB683BB91640A10100840A83 /* main.m in Sources */,
				FB683BBD1640A10100840A83 /* AppDelegate.m in Sources */,
				FB683BC61640A10100840A83 /* ViewController.m in Sources */,
			);
			runOnlyForDeploymentPostprocessing = 0;
		};
/* End PBXSourcesBuildPhase section */

/* Begin PBXVariantGroup section */
		FB683BB51640A10100840A83 /* InfoPlist.strings */ = {
			isa = PBXVariantGroup;
			children = (
				FB683BB61640A10100840A83 /* en */,
			);
			name = InfoPlist.strings;
			sourceTree = "<group>";
		};
		FB683BC71640A10100840A83 /* ViewController.xib */ = {
			isa = PBXVariantGroup;
			children = (
				FB683BC81640A10100840A83 /* en */,
			);
			name = ViewController.xib;
			sourceTree = "<group>";
		};
/* End PBXVariantGroup section */

/* Begin XCBuildConfiguration section */
		FB683BCA1640A10100840A83 /* Debug */ = {
			isa = XCBuildConfiguration;
			buildSettings = {
				ALWAYS_SEARCH_USER_PATHS = NO;
				CLANG_CXX_LANGUAGE_STANDARD = "gnu++0x";
				CLANG_CXX_LIBRARY = "libc++";
				CLANG_WARN_EMPTY_BODY = YES;
				CLANG_WARN__DUPLICATE_METHOD_MATCH = YES;
				"CODE_SIGN_IDENTITY[sdk=iphoneos*]" = "iPhone Developer";
				COPY_PHASE_STRIP = NO;
				GCC_C_LANGUAGE_STANDARD = gnu99;
				GCC_DYNAMIC_NO_PIC = NO;
				GCC_OPTIMIZATION_LEVEL = 0;
				GCC_PREPROCESSOR_DEFINITIONS = (
					"DEBUG=1",
					"$(inherited)",
				);
				GCC_SYMBOLS_PRIVATE_EXTERN = NO;
				GCC_WARN_ABOUT_RETURN_TYPE = YES;
				GCC_WARN_UNINITIALIZED_AUTOS = YES;
				GCC_WARN_UNUSED_VARIABLE = YES;
				IPHONEOS_DEPLOYMENT_TARGET = 6.0;
				ONLY_ACTIVE_ARCH = YES;
				SDKROOT = iphoneos;
			};
			name = Debug;
		};
		FB683BCB1640A10100840A83 /* Release */ = {
			isa = XCBuildConfiguration;
			buildSettings = {
				ALWAYS_SEARCH_USER_PATHS = NO;
				CLANG_CXX_LANGUAGE_STANDARD = "gnu++0x";
				CLANG_CXX_LIBRARY = "libc++";
				CLANG_WARN_EMPTY_BODY = YES;
				CLANG_WARN__DUPLICATE_METHOD_MATCH = YES;
				"CODE_SIGN_IDENTITY[sdk=iphoneos*]" = "iPhone Developer";
				COPY_PHASE_STRIP = YES;
				GCC_C_LANGUAGE_STANDARD = gnu99;
				GCC_WARN_ABOUT_RETURN_TYPE = YES;
				GCC_WARN_UNINITIALIZED_AUTOS = YES;
				GCC_WARN_UNUSED_VARIABLE = YES;
				IPHONEOS_DEPLOYMENT_TARGET = 6.0;
				OTHER_CFLAGS = "-DNS_BLOCK_ASSERTIONS=1";
				SDKROOT = iphoneos;
				VALIDATE_PRODUCT = YES;
			};
			name = Release;
		};
		FB683BCD1640A10100840A83 /* Debug */ = {
			isa = XCBuildConfiguration;
			buildSettings = {
				GCC_PRECOMPILE_PREFIX_HEADER = YES;
				GCC_PREFIX_HEADER = "MDF1_Wk2/MDF1_Wk2-Prefix.pch";
				INFOPLIST_FILE = "MDF1_Wk2/MDF1_Wk2-Info.plist";
				PRODUCT_NAME = "$(TARGET_NAME)";
				WRAPPER_EXTENSION = app;
			};
			name = Debug;
		};
		FB683BCE1640A10100840A83 /* Release */ = {
			isa = XCBuildConfiguration;
			buildSettings = {
				GCC_PRECOMPILE_PREFIX_HEADER = YES;
				GCC_PREFIX_HEADER = "MDF1_Wk2/MDF1_Wk2-Prefix.pch";
				INFOPLIST_FILE = "MDF1_Wk2/MDF1_Wk2-Info.plist";
				PRODUCT_NAME = "$(TARGET_NAME)";
				WRAPPER_EXTENSION = app;
			};
			name = Release;
		};
/* End XCBuildConfiguration section */

/* Begin XCConfigurationList section */
		FB683BA21640A10100840A83 /* Build configuration list for PBXProject "MDF1_Wk2" */ = {
			isa = XCConfigurationList;
			buildConfigurations = (
				FB683BCA1640A10100840A83 /* Debug */,
				FB683BCB1640A10100840A83 /* Release */,
			);
			defaultConfigurationIsVisible = 0;
			defaultConfigurationName = Release;
		};
		FB683BCC1640A10100840A83 /* Build configuration list for PBXNativeTarget "MDF1_Wk2" */ = {
			isa = XCConfigurationList;
			buildConfigurations = (
				FB683BCD1640A10100840A83 /* Debug */,
				FB683BCE1640A10100840A83 /* Release */,
			);
			defaultConfigurationIsVisible = 0;
		};
/* End XCConfigurationList section */
	};
	rootObject = FB683B9F1640A10100840A83 /* Project object */;
}
