// !$*UTF8*$!
{
	archiveVersion = 1;
	classes = {
	};
	objectVersion = 46;
	objects = {

/* Begin PBXBuildFile section */
		FB683BDF1640AE8800840A83 /* UIKit.framework in Frameworks */ = {isa = PBXBuildFile; fileRef = FB683BDE1640AE8800840A83 /* UIKit.framework */; };
		FB683BE11640AE8800840A83 /* Foundation.framework in Frameworks */ = {isa = PBXBuildFile; fileRef = FB683BE01640AE8800840A83 /* Foundation.framework */; };
		FB683BE31640AE8800840A83 /* CoreGraphics.framework in Frameworks */ = {isa = PBXBuildFile; fileRef = FB683BE21640AE8800840A83 /* CoreGraphics.framework */; };
		FB683BE91640AE8800840A83 /* InfoPlist.strings in Resources */ = {isa = PBXBuildFile; fileRef = FB683BE71640AE8800840A83 /* InfoPlist.strings */; };
		FB683BEB1640AE8800840A83 /* main.m in Sources */ = {isa = PBXBuildFile; fileRef = FB683BEA1640AE8800840A83 /* main.m */; };
		FB683BEF1640AE8800840A83 /* AppDelegate.m in Sources */ = {isa = PBXBuildFile; fileRef = FB683BEE1640AE8800840A83 /* AppDelegate.m */; };
		FB683BF11640AE8800840A83 /* Default.png in Resources */ = {isa = PBXBuildFile; fileRef = FB683BF01640AE8800840A83 /* Default.png */; };
		FB683BF31640AE8800840A83 /* Default@2x.png in Resources */ = {isa = PBXBuildFile; fileRef = FB683BF21640AE8800840A83 /* Default@2x.png */; };
		FB683BF51640AE8800840A83 /* Default-568h@2x.png in Resources */ = {isa = PBXBuildFile; fileRef = FB683BF41640AE8800840A83 /* Default-568h@2x.png */; };
		FB683BF81640AE8800840A83 /* FirstViewController.m in Sources */ = {isa = PBXBuildFile; fileRef = FB683BF71640AE8800840A83 /* FirstViewController.m */; };
		FB683BFA1640AE8800840A83 /* first.png in Resources */ = {isa = PBXBuildFile; fileRef = FB683BF91640AE8800840A83 /* first.png */; };
		FB683BFC1640AE8800840A83 /* first@2x.png in Resources */ = {isa = PBXBuildFile; fileRef = FB683BFB1640AE8800840A83 /* first@2x.png */; };
		FB683BFF1640AE8800840A83 /* SecondViewController.m in Sources */ = {isa = PBXBuildFile; fileRef = FB683BFE1640AE8800840A83 /* SecondViewController.m */; };
		FB683C011640AE8800840A83 /* second.png in Resources */ = {isa = PBXBuildFile; fileRef = FB683C001640AE8800840A83 /* second.png */; };
		FB683C031640AE8800840A83 /* second@2x.png in Resources */ = {isa = PBXBuildFile; fileRef = FB683C021640AE8800840A83 /* second@2x.png */; };
		FB683C061640AE8800840A83 /* FirstViewController.xib in Resources */ = {isa = PBXBuildFile; fileRef = FB683C041640AE8800840A83 /* FirstViewController.xib */; };
		FB683C091640AE8800840A83 /* SecondViewController.xib in Resources */ = {isa = PBXBuildFile; fileRef = FB683C071640AE8800840A83 /* SecondViewController.xib */; };
		FB683C121640AEBD00840A83 /* ThirdViewController.m in Sources */ = {isa = PBXBuildFile; fileRef = FB683C101640AEBD00840A83 /* ThirdViewController.m */; };
		FB683C131640AEBD00840A83 /* ThirdViewController.xib in Resources */ = {isa = PBXBuildFile; fileRef = FB683C111640AEBD00840A83 /* ThirdViewController.xib */; };
/* End PBXBuildFile section */

/* Begin PBXFileReference section */
		FB683BDA1640AE8800840A83 /* MDF1_Wk2.app */ = {isa = PBXFileReference; explicitFileType = wrapper.application; includeInIndex = 0; path = MDF1_Wk2.app; sourceTree = BUILT_PRODUCTS_DIR; };
		FB683BDE1640AE8800840A83 /* UIKit.framework */ = {isa = PBXFileReference; lastKnownFileType = wrapper.framework; name = UIKit.framework; path = System/Library/Frameworks/UIKit.framework; sourceTree = SDKROOT; };
		FB683BE01640AE8800840A83 /* Foundation.framework */ = {isa = PBXFileReference; lastKnownFileType = wrapper.framework; name = Foundation.framework; path = System/Library/Frameworks/Foundation.framework; sourceTree = SDKROOT; };
		FB683BE21640AE8800840A83 /* CoreGraphics.framework */ = {isa = PBXFileReference; lastKnownFileType = wrapper.framework; name = CoreGraphics.framework; path = System/Library/Frameworks/CoreGraphics.framework; sourceTree = SDKROOT; };
		FB683BE61640AE8800840A83 /* MDF1_Wk2-Info.plist */ = {isa = PBXFileReference; lastKnownFileType = text.plist.xml; path = "MDF1_Wk2-Info.plist"; sourceTree = "<group>"; };
		FB683BE81640AE8800840A83 /* en */ = {isa = PBXFileReference; lastKnownFileType = text.plist.strings; name = en; path = en.lproj/InfoPlist.strings; sourceTree = "<group>"; };
		FB683BEA1640AE8800840A83 /* main.m */ = {isa = PBXFileReference; lastKnownFileType = sourcecode.c.objc; path = main.m; sourceTree = "<group>"; };
		FB683BEC1640AE8800840A83 /* MDF1_Wk2-Prefix.pch */ = {isa = PBXFileReference; lastKnownFileType = sourcecode.c.h; path = "MDF1_Wk2-Prefix.pch"; sourceTree = "<group>"; };
		FB683BED1640AE8800840A83 /* AppDelegate.h */ = {isa = PBXFileReference; lastKnownFileType = sourcecode.c.h; path = AppDelegate.h; sourceTree = "<group>"; };
		FB683BEE1640AE8800840A83 /* AppDelegate.m */ = {isa = PBXFileReference; lastKnownFileType = sourcecode.c.objc; path = AppDelegate.m; sourceTree = "<group>"; };
		FB683BF01640AE8800840A83 /* Default.png */ = {isa = PBXFileReference; lastKnownFileType = image.png; path = Default.png; sourceTree = "<group>"; };
		FB683BF21640AE8800840A83 /* Default@2x.png */ = {isa = PBXFileReference; lastKnownFileType = image.png; path = "Default@2x.png"; sourceTree = "<group>"; };
		FB683BF41640AE8800840A83 /* Default-568h@2x.png */ = {isa = PBXFileReference; lastKnownFileType = image.png; path = "Default-568h@2x.png"; sourceTree = "<group>"; };
		FB683BF61640AE8800840A83 /* FirstViewController.h */ = {isa = PBXFileReference; lastKnownFileType = sourcecode.c.h; path = FirstViewController.h; sourceTree = "<group>"; };
		FB683BF71640AE8800840A83 /* FirstViewController.m */ = {isa = PBXFileReference; lastKnownFileType = sourcecode.c.objc; path = FirstViewController.m; sourceTree = "<group>"; };
		FB683BF91640AE8800840A83 /* first.png */ = {isa = PBXFileReference; lastKnownFileType = image.png; path = first.png; sourceTree = "<group>"; };
		FB683BFB1640AE8800840A83 /* first@2x.png */ = {isa = PBXFileReference; lastKnownFileType = image.png; path = "first@2x.png"; sourceTree = "<group>"; };
		FB683BFD1640AE8800840A83 /* SecondViewController.h */ = {isa = PBXFileReference; lastKnownFileType = sourcecode.c.h; path = SecondViewController.h; sourceTree = "<group>"; };
		FB683BFE1640AE8800840A83 /* SecondViewController.m */ = {isa = PBXFileReference; lastKnownFileType = sourcecode.c.objc; path = SecondViewController.m; sourceTree = "<group>"; };
		FB683C001640AE8800840A83 /* second.png */ = {isa = PBXFileReference; lastKnownFileType = image.png; path = second.png; sourceTree = "<group>"; };
		FB683C021640AE8800840A83 /* second@2x.png */ = {isa = PBXFileReference; lastKnownFileType = image.png; path = "second@2x.png"; sourceTree = "<group>"; };
		FB683C051640AE8800840A83 /* en */ = {isa = PBXFileReference; lastKnownFileType = file.xib; name = en; path = en.lproj/FirstViewController.xib; sourceTree = "<group>"; };
		FB683C081640AE8800840A83 /* en */ = {isa = PBXFileReference; lastKnownFileType = file.xib; name = en; path = en.lproj/SecondViewController.xib; sourceTree = "<group>"; };
		FB683C0F1640AEBD00840A83 /* ThirdViewController.h */ = {isa = PBXFileReference; fileEncoding = 4; lastKnownFileType = sourcecode.c.h; path = ThirdViewController.h; sourceTree = "<group>"; };
		FB683C101640AEBD00840A83 /* ThirdViewController.m */ = {isa = PBXFileReference; fileEncoding = 4; lastKnownFileType = sourcecode.c.objc; path = ThirdViewController.m; sourceTree = "<group>"; };
		FB683C111640AEBD00840A83 /* ThirdViewController.xib */ = {isa = PBXFileReference; fileEncoding = 4; lastKnownFileType = file.xib; path = ThirdViewController.xib; sourceTree = "<group>"; };
/* End PBXFileReference section */

/* Begin PBXFrameworksBuildPhase section */
		FB683BD71640AE8800840A83 /* Frameworks */ = {
			isa = PBXFrameworksBuildPhase;
			buildActionMask = 2147483647;
			files = (
				FB683BDF1640AE8800840A83 /* UIKit.framework in Frameworks */,
				FB683BE11640AE8800840A83 /* Foundation.framework in Frameworks */,
				FB683BE31640AE8800840A83 /* CoreGraphics.framework in Frameworks */,
			);
			runOnlyForDeploymentPostprocessing = 0;
		};
/* End PBXFrameworksBuildPhase section */

/* Begin PBXGroup section */
		FB683BCF1640AE8800840A83 = {
			isa = PBXGroup;
			children = (
				FB683BE41640AE8800840A83 /* MDF1_Wk2 */,
				FB683BDD1640AE8800840A83 /* Frameworks */,
				FB683BDB1640AE8800840A83 /* Products */,
			);
			sourceTree = "<group>";
		};
		FB683BDB1640AE8800840A83 /* Products */ = {
			isa = PBXGroup;
			children = (
				FB683BDA1640AE8800840A83 /* MDF1_Wk2.app */,
			);
			name = Products;
			sourceTree = "<group>";
		};
		FB683BDD1640AE8800840A83 /* Frameworks */ = {
			isa = PBXGroup;
			children = (
				FB683BDE1640AE8800840A83 /* UIKit.framework */,
				FB683BE01640AE8800840A83 /* Foundation.framework */,
				FB683BE21640AE8800840A83 /* CoreGraphics.framework */,
			);
			name = Frameworks;
			sourceTree = "<group>";
		};
		FB683BE41640AE8800840A83 /* MDF1_Wk2 */ = {
			isa = PBXGroup;
			children = (
				FB683BED1640AE8800840A83 /* AppDelegate.h */,
				FB683BEE1640AE8800840A83 /* AppDelegate.m */,
				FB683BF61640AE8800840A83 /* FirstViewController.h */,
				FB683BF71640AE8800840A83 /* FirstViewController.m */,
				FB683C041640AE8800840A83 /* FirstViewController.xib */,
				FB683BF91640AE8800840A83 /* first.png */,
				FB683BFB1640AE8800840A83 /* first@2x.png */,
				FB683BFD1640AE8800840A83 /* SecondViewController.h */,
				FB683BFE1640AE8800840A83 /* SecondViewController.m */,
				FB683C001640AE8800840A83 /* second.png */,
				FB683C021640AE8800840A83 /* second@2x.png */,
				FB683C071640AE8800840A83 /* SecondViewController.xib */,
				FB683BE51640AE8800840A83 /* Supporting Files */,
				FB683C0F1640AEBD00840A83 /* ThirdViewController.h */,
				FB683C101640AEBD00840A83 /* ThirdViewController.m */,
				FB683C111640AEBD00840A83 /* ThirdViewController.xib */,
			);
			path = MDF1_Wk2;
			sourceTree = "<group>";
		};
		FB683BE51640AE8800840A83 /* Supporting Files */ = {
			isa = PBXGroup;
			children = (
				FB683BE61640AE8800840A83 /* MDF1_Wk2-Info.plist */,
				FB683BE71640AE8800840A83 /* InfoPlist.strings */,
				FB683BEA1640AE8800840A83 /* main.m */,
				FB683BEC1640AE8800840A83 /* MDF1_Wk2-Prefix.pch */,
				FB683BF01640AE8800840A83 /* Default.png */,
				FB683BF21640AE8800840A83 /* Default@2x.png */,
				FB683BF41640AE8800840A83 /* Default-568h@2x.png */,
			);
			name = "Supporting Files";
			sourceTree = "<group>";
		};
/* End PBXGroup section */

/* Begin PBXNativeTarget section */
		FB683BD91640AE8800840A83 /* MDF1_Wk2 */ = {
			isa = PBXNativeTarget;
			buildConfigurationList = FB683C0C1640AE8800840A83 /* Build configuration list for PBXNativeTarget "MDF1_Wk2" */;
			buildPhases = (
				FB683BD61640AE8800840A83 /* Sources */,
				FB683BD71640AE8800840A83 /* Frameworks */,
				FB683BD81640AE8800840A83 /* Resources */,
			);
			buildRules = (
			);
			dependencies = (
			);
			name = MDF1_Wk2;
			productName = MDF1_Wk2;
			productReference = FB683BDA1640AE8800840A83 /* MDF1_Wk2.app */;
			productType = "com.apple.product-type.application";
		};
/* End PBXNativeTarget section */

/* Begin PBXProject section */
		FB683BD11640AE8800840A83 /* Project object */ = {
			isa = PBXProject;
			attributes = {
				LastUpgradeCheck = 0450;
				ORGANIZATIONNAME = "Brandon Sease";
			};
			buildConfigurationList = FB683BD41640AE8800840A83 /* Build configuration list for PBXProject "MDF1_Wk2" */;
			compatibilityVersion = "Xcode 3.2";
			developmentRegion = English;
			hasScannedForEncodings = 0;
			knownRegions = (
				en,
			);
			mainGroup = FB683BCF1640AE8800840A83;
			productRefGroup = FB683BDB1640AE8800840A83 /* Products */;
			projectDirPath = "";
			projectRoot = "";
			targets = (
				FB683BD91640AE8800840A83 /* MDF1_Wk2 */,
			);
		};
/* End PBXProject section */

/* Begin PBXResourcesBuildPhase section */
		FB683BD81640AE8800840A83 /* Resources */ = {
			isa = PBXResourcesBuildPhase;
			buildActionMask = 2147483647;
			files = (
				FB683BE91640AE8800840A83 /* InfoPlist.strings in Resources */,
				FB683BF11640AE8800840A83 /* Default.png in Resources */,
				FB683BF31640AE8800840A83 /* Default@2x.png in Resources */,
				FB683BF51640AE8800840A83 /* Default-568h@2x.png in Resources */,
				FB683BFA1640AE8800840A83 /* first.png in Resources */,
				FB683BFC1640AE8800840A83 /* first@2x.png in Resources */,
				FB683C011640AE8800840A83 /* second.png in Resources */,
				FB683C031640AE8800840A83 /* second@2x.png in Resources */,
				FB683C061640AE8800840A83 /* FirstViewController.xib in Resources */,
				FB683C091640AE8800840A83 /* SecondViewController.xib in Resources */,
				FB683C131640AEBD00840A83 /* ThirdViewController.xib in Resources */,
			);
			runOnlyForDeploymentPostprocessing = 0;
		};
/* End PBXResourcesBuildPhase section */

/* Begin PBXSourcesBuildPhase section */
		FB683BD61640AE8800840A83 /* Sources */ = {
			isa = PBXSourcesBuildPhase;
			buildActionMask = 2147483647;
			files = (
				FB683BEB1640AE8800840A83 /* main.m in Sources */,
				FB683BEF1640AE8800840A83 /* AppDelegate.m in Sources */,
				FB683BF81640AE8800840A83 /* FirstViewController.m in Sources */,
				FB683BFF1640AE8800840A83 /* SecondViewController.m in Sources */,
				FB683C121640AEBD00840A83 /* ThirdViewController.m in Sources */,
			);
			runOnlyForDeploymentPostprocessing = 0;
		};
/* End PBXSourcesBuildPhase section */

/* Begin PBXVariantGroup section */
		FB683BE71640AE8800840A83 /* InfoPlist.strings */ = {
			isa = PBXVariantGroup;
			children = (
				FB683BE81640AE8800840A83 /* en */,
			);
			name = InfoPlist.strings;
			sourceTree = "<group>";
		};
		FB683C041640AE8800840A83 /* FirstViewController.xib */ = {
			isa = PBXVariantGroup;
			children = (
				FB683C051640AE8800840A83 /* en */,
			);
			name = FirstViewController.xib;
			sourceTree = "<group>";
		};
		FB683C071640AE8800840A83 /* SecondViewController.xib */ = {
			isa = PBXVariantGroup;
			children = (
				FB683C081640AE8800840A83 /* en */,
			);
			name = SecondViewController.xib;
			sourceTree = "<group>";
		};
/* End PBXVariantGroup section */

/* Begin XCBuildConfiguration section */
		FB683C0A1640AE8800840A83 /* Debug */ = {
			isa = XCBuildConfiguration;
			buildSettings = {
				ALWAYS_SEARCH_USER_PATHS = NO;
				CLANG_CXX_LANGUAGE_STANDARD = "gnu++0x";
				CLANG_CXX_LIBRARY = "libc++";
				CLANG_WARN_EMPTY_BODY = YES;
				CLANG_WARN__DUPLICATE_METHOD_MATCH = YES;
				"CODE_SIGN_IDENTITY[sdk=iphoneos*]" = "iPhone Developer";
				COPY_PHASE_STRIP = NO;
				GCC_C_LANGUAGE_STANDARD = gnu99;
				GCC_DYNAMIC_NO_PIC = NO;
				GCC_OPTIMIZATION_LEVEL = 0;
				GCC_PREPROCESSOR_DEFINITIONS = (
					"DEBUG=1",
					"$(inherited)",
				);
				GCC_SYMBOLS_PRIVATE_EXTERN = NO;
				GCC_WARN_ABOUT_RETURN_TYPE = YES;
				GCC_WARN_UNINITIALIZED_AUTOS = YES;
				GCC_WARN_UNUSED_VARIABLE = YES;
				IPHONEOS_DEPLOYMENT_TARGET = 6.0;
				ONLY_ACTIVE_ARCH = YES;
				SDKROOT = iphoneos;
			};
			name = Debug;
		};
		FB683C0B1640AE8800840A83 /* Release */ = {
			isa = XCBuildConfiguration;
			buildSettings = {
				ALWAYS_SEARCH_USER_PATHS = NO;
				CLANG_CXX_LANGUAGE_STANDARD = "gnu++0x";
				CLANG_CXX_LIBRARY = "libc++";
				CLANG_WARN_EMPTY_BODY = YES;
				CLANG_WARN__DUPLICATE_METHOD_MATCH = YES;
				"CODE_SIGN_IDENTITY[sdk=iphoneos*]" = "iPhone Developer";
				COPY_PHASE_STRIP = YES;
				GCC_C_LANGUAGE_STANDARD = gnu99;
				GCC_WARN_ABOUT_RETURN_TYPE = YES;
				GCC_WARN_UNINITIALIZED_AUTOS = YES;
				GCC_WARN_UNUSED_VARIABLE = YES;
				IPHONEOS_DEPLOYMENT_TARGET = 6.0;
				OTHER_CFLAGS = "-DNS_BLOCK_ASSERTIONS=1";
				SDKROOT = iphoneos;
				VALIDATE_PRODUCT = YES;
			};
			name = Release;
		};
		FB683C0D1640AE8800840A83 /* Debug */ = {
			isa = XCBuildConfiguration;
			buildSettings = {
				GCC_PRECOMPILE_PREFIX_HEADER = YES;
				GCC_PREFIX_HEADER = "MDF1_Wk2/MDF1_Wk2-Prefix.pch";
				INFOPLIST_FILE = "MDF1_Wk2/MDF1_Wk2-Info.plist";
				PRODUCT_NAME = "$(TARGET_NAME)";
				WRAPPER_EXTENSION = app;
			};
			name = Debug;
		};
		FB683C0E1640AE8800840A83 /* Release */ = {
			isa = XCBuildConfiguration;
			buildSettings = {
				GCC_PRECOMPILE_PREFIX_HEADER = YES;
				GCC_PREFIX_HEADER = "MDF1_Wk2/MDF1_Wk2-Prefix.pch";
				INFOPLIST_FILE = "MDF1_Wk2/MDF1_Wk2-Info.plist";
				PRODUCT_NAME = "$(TARGET_NAME)";
				WRAPPER_EXTENSION = app;
			};
			name = Release;
		};
/* End XCBuildConfiguration section */

/* Begin XCConfigurationList section */
		FB683BD41640AE8800840A83 /* Build configuration list for PBXProject "MDF1_Wk2" */ = {
			isa = XCConfigurationList;
			buildConfigurations = (
				FB683C0A1640AE8800840A83 /* Debug */,
				FB683C0B1640AE8800840A83 /* Release */,
			);
			defaultConfigurationIsVisible = 0;
			defaultConfigurationName = Release;
		};
		FB683C0C1640AE8800840A83 /* Build configuration list for PBXNativeTarget "MDF1_Wk2" */ = {
			isa = XCConfigurationList;
			buildConfigurations = (
				FB683C0D1640AE8800840A83 /* Debug */,
				FB683C0E1640AE8800840A83 /* Release */,
			);
			defaultConfigurationIsVisible = 0;
		};
/* End XCConfigurationList section */
	};
	rootObject = FB683BD11640AE8800840A83 /* Project object */;
}
